
Microsoft Visual Studio Solution File, Format Version 12.00
# Visual Studio Version 16
VisualStudioVersion = 16.0.31019.35
MinimumVisualStudioVersion = 15.0.26124.0
Project("{9A19103F-16F7-4668-BE54-9A1E7A4F7556}") = "BluePrism.WordLadder", "BluePrism.WordLadder\BluePrism.WordLadder.csproj", "{FC3F258C-DFAB-4BB8-AAE2-C900C43C7760}"
EndProject
Project("{9A19103F-16F7-4668-BE54-9A1E7A4F7556}") = "BluePrism.WordLadder.Test", "BluePrism.WordLadder.Test\BluePrism.WordLadder.Test.csproj", "{1BAE0EA6-3E62-49D4-85AD-0BFE1C8C7025}"
EndProject
Project("{9A19103F-16F7-4668-BE54-9A1E7A4F7556}") = "BluePrism.WordLadder.Infrastructure", "BluePrism.WordLadder.Infrastructure\BluePrism.WordLadder.Infrastructure.csproj", "{507402AC-91D4-4A2E-811F-A652A8D2691B}"
EndProject
Project("{2150E333-8FDC-42A3-9474-1A3956D46DE8}") = "SolutionItems", "SolutionItems", "{39AFAD19-6F8D-4BFD-9B13-2E6CC17D8E3D}"
	ProjectSection(SolutionItems) = preProject
		..\README.md = ..\README.md
	EndProjectSection
EndProject
Project("{FAE04EC0-301F-11D3-BF4B-00C04F79EFBC}") = "BluePrism.WordLadder.Domain", "BluePrism.WordLadder.Domain\BluePrism.WordLadder.Domain.csproj", "{A091D2FB-0B2D-4830-8A19-8B02484096E8}"
EndProject
Global
	GlobalSection(SolutionConfigurationPlatforms) = preSolution
		Debug|Any CPU = Debug|Any CPU
		Debug|x64 = Debug|x64
		Debug|x86 = Debug|x86
		Release|Any CPU = Release|Any CPU
		Release|x64 = Release|x64
		Release|x86 = Release|x86
	EndGlobalSection
	GlobalSection(ProjectConfigurationPlatforms) = postSolution
		{FC3F258C-DFAB-4BB8-AAE2-C900C43C7760}.Debug|Any CPU.ActiveCfg = Debug|Any CPU
		{FC3F258C-DFAB-4BB8-AAE2-C900C43C7760}.Debug|Any CPU.Build.0 = Debug|Any CPU
		{FC3F258C-DFAB-4BB8-AAE2-C900C43C7760}.Debug|x64.ActiveCfg = Debug|Any CPU
		{FC3F258C-DFAB-4BB8-AAE2-C900C43C7760}.Debug|x64.Build.0 = Debug|Any CPU
		{FC3F258C-DFAB-4BB8-AAE2-C900C43C7760}.Debug|x86.ActiveCfg = Debug|Any CPU
		{FC3F258C-DFAB-4BB8-AAE2-C900C43C7760}.Debug|x86.Build.0 = Debug|Any CPU
		{FC3F258C-DFAB-4BB8-AAE2-C900C43C7760}.Release|Any CPU.ActiveCfg = Release|Any CPU
		{FC3F258C-DFAB-4BB8-AAE2-C900C43C7760}.Release|Any CPU.Build.0 = Release|Any CPU
		{FC3F258C-DFAB-4BB8-AAE2-C900C43C7760}.Release|x64.ActiveCfg = Release|Any CPU
		{FC3F258C-DFAB-4BB8-AAE2-C900C43C7760}.Release|x64.Build.0 = Release|Any CPU
		{FC3F258C-DFAB-4BB8-AAE2-C900C43C7760}.Release|x86.ActiveCfg = Release|Any CPU
		{FC3F258C-DFAB-4BB8-AAE2-C900C43C7760}.Release|x86.Build.0 = Release|Any CPU
		{1BAE0EA6-3E62-49D4-85AD-0BFE1C8C7025}.Debug|Any CPU.ActiveCfg = Debug|Any CPU
		{1BAE0EA6-3E62-49D4-85AD-0BFE1C8C7025}.Debug|Any CPU.Build.0 = Debug|Any CPU
		{1BAE0EA6-3E62-49D4-85AD-0BFE1C8C7025}.Debug|x64.ActiveCfg = Debug|Any CPU
		{1BAE0EA6-3E62-49D4-85AD-0BFE1C8C7025}.Debug|x64.Build.0 = Debug|Any CPU
		{1BAE0EA6-3E62-49D4-85AD-0BFE1C8C7025}.Debug|x86.ActiveCfg = Debug|Any CPU
		{1BAE0EA6-3E62-49D4-85AD-0BFE1C8C7025}.Debug|x86.Build.0 = Debug|Any CPU
		{1BAE0EA6-3E62-49D4-85AD-0BFE1C8C7025}.Release|Any CPU.ActiveCfg = Release|Any CPU
		{1BAE0EA6-3E62-49D4-85AD-0BFE1C8C7025}.Release|Any CPU.Build.0 = Release|Any CPU
		{1BAE0EA6-3E62-49D4-85AD-0BFE1C8C7025}.Release|x64.ActiveCfg = Release|Any CPU
		{1BAE0EA6-3E62-49D4-85AD-0BFE1C8C7025}.Release|x64.Build.0 = Release|Any CPU
		{1BAE0EA6-3E62-49D4-85AD-0BFE1C8C7025}.Release|x86.ActiveCfg = Release|Any CPU
		{1BAE0EA6-3E62-49D4-85AD-0BFE1C8C7025}.Release|x86.Build.0 = Release|Any CPU
		{507402AC-91D4-4A2E-811F-A652A8D2691B}.Debug|Any CPU.ActiveCfg = Debug|Any CPU
		{507402AC-91D4-4A2E-811F-A652A8D2691B}.Debug|Any CPU.Build.0 = Debug|Any CPU
		{507402AC-91D4-4A2E-811F-A652A8D2691B}.Debug|x64.ActiveCfg = Debug|Any CPU
		{507402AC-91D4-4A2E-811F-A652A8D2691B}.Debug|x64.Build.0 = Debug|Any CPU
		{507402AC-91D4-4A2E-811F-A652A8D2691B}.Debug|x86.ActiveCfg = Debug|Any CPU
		{507402AC-91D4-4A2E-811F-A652A8D2691B}.Debug|x86.Build.0 = Debug|Any CPU
		{507402AC-91D4-4A2E-811F-A652A8D2691B}.Release|Any CPU.ActiveCfg = Release|Any CPU
		{507402AC-91D4-4A2E-811F-A652A8D2691B}.Release|Any CPU.Build.0 = Release|Any CPU
		{507402AC-91D4-4A2E-811F-A652A8D2691B}.Release|x64.ActiveCfg = Release|Any CPU
		{507402AC-91D4-4A2E-811F-A652A8D2691B}.Release|x64.Build.0 = Release|Any CPU
		{507402AC-91D4-4A2E-811F-A652A8D2691B}.Release|x86.ActiveCfg = Release|Any CPU
		{507402AC-91D4-4A2E-811F-A652A8D2691B}.Release|x86.Build.0 = Release|Any CPU
		{A091D2FB-0B2D-4830-8A19-8B02484096E8}.Debug|Any CPU.ActiveCfg = Debug|Any CPU
		{A091D2FB-0B2D-4830-8A19-8B02484096E8}.Debug|Any CPU.Build.0 = Debug|Any CPU
		{A091D2FB-0B2D-4830-8A19-8B02484096E8}.Debug|x64.ActiveCfg = Debug|Any CPU
		{A091D2FB-0B2D-4830-8A19-8B02484096E8}.Debug|x64.Build.0 = Debug|Any CPU
		{A091D2FB-0B2D-4830-8A19-8B02484096E8}.Debug|x86.ActiveCfg = Debug|Any CPU
		{A091D2FB-0B2D-4830-8A19-8B02484096E8}.Debug|x86.Build.0 = Debug|Any CPU
		{A091D2FB-0B2D-4830-8A19-8B02484096E8}.Release|Any CPU.ActiveCfg = Release|Any CPU
		{A091D2FB-0B2D-4830-8A19-8B02484096E8}.Release|Any CPU.Build.0 = Release|Any CPU
		{A091D2FB-0B2D-4830-8A19-8B02484096E8}.Release|x64.ActiveCfg = Release|Any CPU
		{A091D2FB-0B2D-4830-8A19-8B02484096E8}.Release|x64.Build.0 = Release|Any CPU
		{A091D2FB-0B2D-4830-8A19-8B02484096E8}.Release|x86.ActiveCfg = Release|Any CPU
		{A091D2FB-0B2D-4830-8A19-8B02484096E8}.Release|x86.Build.0 = Release|Any CPU
	EndGlobalSection
	GlobalSection(SolutionProperties) = preSolution
		HideSolutionNode = FALSE
	EndGlobalSection
	GlobalSection(ExtensibilityGlobals) = postSolution
		SolutionGuid = {01EC8D6B-492D-427C-8DB5-587D36024D9F}
	EndGlobalSection
EndGlobal
